
Microsoft Visual Studio Solution File, Format Version 12.00
# Visual Studio Version 17
VisualStudioVersion = 17.0.31903.59
MinimumVisualStudioVersion = 10.0.40219.1
Project("{2150E333-8FDC-42A3-9474-1A3956D46DE8}") = "src", "src", "{9E23F44D-B18C-44C0-AC5F-A47F8F1B02D1}"
EndProject
Project("{FAE04EC0-301F-11D3-BF4B-00C04F79EFBC}") = "Domain", "src\Domain\Domain.csproj", "{9B45B609-3BBF-438C-9904-661DDBA7864D}"
EndProject
Project("{FAE04EC0-301F-11D3-BF4B-00C04F79EFBC}") = "Application", "src\Application\Application.csproj", "{6A38279D-19B0-4F13-A9D7-DE4188B309FA}"
EndProject
Project("{FAE04EC0-301F-11D3-BF4B-00C04F79EFBC}") = "Infrastructure", "src\Infrastructure\Infrastructure.csproj", "{349DD83B-550A-4B49-BFA0-FFA9A31472C0}"
EndProject
Project("{FAE04EC0-301F-11D3-BF4B-00C04F79EFBC}") = "Api", "src\Api\Api.csproj", "{4D1DE5EC-5D28-44C3-BC97-C5EE403FF9FF}"
EndProject
Project("{2150E333-8FDC-42A3-9474-1A3956D46DE8}") = "docs", "docs", "{F86954F0-9442-4502-BFF9-2DD92674D695}"
	ProjectSection(SolutionItems) = preProject
		README.md = README.md
	EndProjectSection
EndProject
Project("{FAE04EC0-301F-11D3-BF4B-00C04F79EFBC}") = "SharedKernel", "src\SharedKernel\SharedKernel.csproj", "{06B6AAB4-3E53-4E86-A32A-6DD31E2FCC0F}"
EndProject
Project("{2150E333-8FDC-42A3-9474-1A3956D46DE8}") = "tests", "tests", "{5138E95F-4B6C-4566-B532-CB347820B135}"
EndProject
Project("{FAE04EC0-301F-11D3-BF4B-00C04F79EFBC}") = "Application.IntegrationTests", "tests\Application.IntegrationTests\Application.IntegrationTests.csproj", "{4B031E24-2F9A-44AB-A591-F1347212D537}"
EndProject
Project("{2150E333-8FDC-42A3-9474-1A3956D46DE8}") = "Core", "Core", "{E44C5814-8C24-4DB1-8312-E2AABBE8032B}"
EndProject
Global
	GlobalSection(SolutionConfigurationPlatforms) = preSolution
		Debug|Any CPU = Debug|Any CPU
		Release|Any CPU = Release|Any CPU
	EndGlobalSection
	GlobalSection(SolutionProperties) = preSolution
		HideSolutionNode = FALSE
	EndGlobalSection
	GlobalSection(ProjectConfigurationPlatforms) = postSolution
		{9B45B609-3BBF-438C-9904-661DDBA7864D}.Debug|Any CPU.ActiveCfg = Debug|Any CPU
		{9B45B609-3BBF-438C-9904-661DDBA7864D}.Debug|Any CPU.Build.0 = Debug|Any CPU
		{9B45B609-3BBF-438C-9904-661DDBA7864D}.Release|Any CPU.ActiveCfg = Release|Any CPU
		{9B45B609-3BBF-438C-9904-661DDBA7864D}.Release|Any CPU.Build.0 = Release|Any CPU
		{6A38279D-19B0-4F13-A9D7-DE4188B309FA}.Debug|Any CPU.ActiveCfg = Debug|Any CPU
		{6A38279D-19B0-4F13-A9D7-DE4188B309FA}.Debug|Any CPU.Build.0 = Debug|Any CPU
		{6A38279D-19B0-4F13-A9D7-DE4188B309FA}.Release|Any CPU.ActiveCfg = Release|Any CPU
		{6A38279D-19B0-4F13-A9D7-DE4188B309FA}.Release|Any CPU.Build.0 = Release|Any CPU
		{349DD83B-550A-4B49-BFA0-FFA9A31472C0}.Debug|Any CPU.ActiveCfg = Debug|Any CPU
		{349DD83B-550A-4B49-BFA0-FFA9A31472C0}.Debug|Any CPU.Build.0 = Debug|Any CPU
		{349DD83B-550A-4B49-BFA0-FFA9A31472C0}.Release|Any CPU.ActiveCfg = Release|Any CPU
		{349DD83B-550A-4B49-BFA0-FFA9A31472C0}.Release|Any CPU.Build.0 = Release|Any CPU
		{4D1DE5EC-5D28-44C3-BC97-C5EE403FF9FF}.Debug|Any CPU.ActiveCfg = Debug|Any CPU
		{4D1DE5EC-5D28-44C3-BC97-C5EE403FF9FF}.Debug|Any CPU.Build.0 = Debug|Any CPU
		{4D1DE5EC-5D28-44C3-BC97-C5EE403FF9FF}.Release|Any CPU.ActiveCfg = Release|Any CPU
		{4D1DE5EC-5D28-44C3-BC97-C5EE403FF9FF}.Release|Any CPU.Build.0 = Release|Any CPU
		{06B6AAB4-3E53-4E86-A32A-6DD31E2FCC0F}.Debug|Any CPU.ActiveCfg = Debug|Any CPU
		{06B6AAB4-3E53-4E86-A32A-6DD31E2FCC0F}.Debug|Any CPU.Build.0 = Debug|Any CPU
		{06B6AAB4-3E53-4E86-A32A-6DD31E2FCC0F}.Release|Any CPU.ActiveCfg = Release|Any CPU
		{06B6AAB4-3E53-4E86-A32A-6DD31E2FCC0F}.Release|Any CPU.Build.0 = Release|Any CPU
		{4B031E24-2F9A-44AB-A591-F1347212D537}.Debug|Any CPU.ActiveCfg = Debug|Any CPU
		{4B031E24-2F9A-44AB-A591-F1347212D537}.Debug|Any CPU.Build.0 = Debug|Any CPU
		{4B031E24-2F9A-44AB-A591-F1347212D537}.Release|Any CPU.ActiveCfg = Release|Any CPU
		{4B031E24-2F9A-44AB-A591-F1347212D537}.Release|Any CPU.Build.0 = Release|Any CPU
	EndGlobalSection
	GlobalSection(NestedProjects) = preSolution
		{349DD83B-550A-4B49-BFA0-FFA9A31472C0} = {9E23F44D-B18C-44C0-AC5F-A47F8F1B02D1}
		{4D1DE5EC-5D28-44C3-BC97-C5EE403FF9FF} = {9E23F44D-B18C-44C0-AC5F-A47F8F1B02D1}
		{06B6AAB4-3E53-4E86-A32A-6DD31E2FCC0F} = {9E23F44D-B18C-44C0-AC5F-A47F8F1B02D1}
		{4B031E24-2F9A-44AB-A591-F1347212D537} = {5138E95F-4B6C-4566-B532-CB347820B135}
		{E44C5814-8C24-4DB1-8312-E2AABBE8032B} = {9E23F44D-B18C-44C0-AC5F-A47F8F1B02D1}
		{9B45B609-3BBF-438C-9904-661DDBA7864D} = {E44C5814-8C24-4DB1-8312-E2AABBE8032B}
		{6A38279D-19B0-4F13-A9D7-DE4188B309FA} = {E44C5814-8C24-4DB1-8312-E2AABBE8032B}
	EndGlobalSection
EndGlobal
